
Microsoft Visual Studio Solution File, Format Version 12.00
# Visual Studio Version 17
VisualStudioVersion = 17.1.32210.238
MinimumVisualStudioVersion = 10.0.40219.1
Project("{9A19103F-16F7-4668-BE54-9A1E7A4F7556}") = "EntityFrameworkCore.SqlServer.JsonExtention", "src\EntityFrameworkCore.SqlServer.JsonExtention\EntityFrameworkCore.SqlServer.JsonExtention.csproj", "{95CE6E5A-2875-498C-9C36-80C8B788A88B}"
EndProject
Project("{9A19103F-16F7-4668-BE54-9A1E7A4F7556}") = "EntityFrameworkCore.SqlServer.JsonExtention.Test", "test\EntityFrameworkCore.SqlServer.JsonExtention.Test\EntityFrameworkCore.SqlServer.JsonExtention.Test.csproj", "{805BBFD5-7551-4C99-8FCB-42CC05C74D93}"
EndProject
Global
	GlobalSection(SolutionConfigurationPlatforms) = preSolution
		Debug|Any CPU = Debug|Any CPU
		Release|Any CPU = Release|Any CPU
	EndGlobalSection
	GlobalSection(ProjectConfigurationPlatforms) = postSolution
		{95CE6E5A-2875-498C-9C36-80C8B788A88B}.Debug|Any CPU.ActiveCfg = Debug|Any CPU
		{95CE6E5A-2875-498C-9C36-80C8B788A88B}.Debug|Any CPU.Build.0 = Debug|Any CPU
		{95CE6E5A-2875-498C-9C36-80C8B788A88B}.Release|Any CPU.ActiveCfg = Release|Any CPU
		{95CE6E5A-2875-498C-9C36-80C8B788A88B}.Release|Any CPU.Build.0 = Release|Any CPU
		{805BBFD5-7551-4C99-8FCB-42CC05C74D93}.Debug|Any CPU.ActiveCfg = Debug|Any CPU
		{805BBFD5-7551-4C99-8FCB-42CC05C74D93}.Debug|Any CPU.Build.0 = Debug|Any CPU
		{805BBFD5-7551-4C99-8FCB-42CC05C74D93}.Release|Any CPU.ActiveCfg = Release|Any CPU
		{805BBFD5-7551-4C99-8FCB-42CC05C74D93}.Release|Any CPU.Build.0 = Release|Any CPU
	EndGlobalSection
	GlobalSection(SolutionProperties) = preSolution
		HideSolutionNode = FALSE
	EndGlobalSection
	GlobalSection(ExtensibilityGlobals) = postSolution
		SolutionGuid = {837AB548-A1D4-4B44-8F50-34F420923D34}
	EndGlobalSection
EndGlobal
